
Microsoft Visual Studio Solution File, Format Version 12.00
# Visual Studio Version 16
VisualStudioVersion = 16.0.29409.12
MinimumVisualStudioVersion = 10.0.40219.1
Project("{FAE04EC0-301F-11D3-BF4B-00C04F79EFBC}") = "WarzoneVoiceController.Core.Models", "WarzoneVoiceController.Core.Models\WarzoneVoiceController.Core.Models.csproj", "{C68AAC32-D4DA-4F58-AF82-FD258CA08817}"
EndProject
Project("{FAE04EC0-301F-11D3-BF4B-00C04F79EFBC}") = "WarzoneVoiceController.Api", "WarzoneVoiceController.Api\WarzoneVoiceController.Api.csproj", "{8EE7EDBA-8512-4D92-AAB1-FA798B0341B7}"
EndProject
Project("{FAE04EC0-301F-11D3-BF4B-00C04F79EFBC}") = "WarzoneVoiceController.Client", "WarzoneVoiceController.Client\WarzoneVoiceController.Client.csproj", "{7E7E7F07-7438-45AC-8607-BC8FB6C46FAE}"
EndProject
Global
	GlobalSection(SolutionConfigurationPlatforms) = preSolution
		Debug|Any CPU = Debug|Any CPU
		Debug|ARM = Debug|ARM
		Debug|ARM64 = Debug|ARM64
		Debug|x64 = Debug|x64
		Debug|x86 = Debug|x86
		Release|Any CPU = Release|Any CPU
		Release|ARM = Release|ARM
		Release|ARM64 = Release|ARM64
		Release|x64 = Release|x64
		Release|x86 = Release|x86
	EndGlobalSection
	GlobalSection(ProjectConfigurationPlatforms) = postSolution
		{C68AAC32-D4DA-4F58-AF82-FD258CA08817}.Debug|Any CPU.ActiveCfg = Debug|Any CPU
		{C68AAC32-D4DA-4F58-AF82-FD258CA08817}.Debug|Any CPU.Build.0 = Debug|Any CPU
		{C68AAC32-D4DA-4F58-AF82-FD258CA08817}.Debug|ARM.ActiveCfg = Debug|Any CPU
		{C68AAC32-D4DA-4F58-AF82-FD258CA08817}.Debug|ARM.Build.0 = Debug|Any CPU
		{C68AAC32-D4DA-4F58-AF82-FD258CA08817}.Debug|ARM64.ActiveCfg = Debug|Any CPU
		{C68AAC32-D4DA-4F58-AF82-FD258CA08817}.Debug|ARM64.Build.0 = Debug|Any CPU
		{C68AAC32-D4DA-4F58-AF82-FD258CA08817}.Debug|x64.ActiveCfg = Debug|Any CPU
		{C68AAC32-D4DA-4F58-AF82-FD258CA08817}.Debug|x64.Build.0 = Debug|Any CPU
		{C68AAC32-D4DA-4F58-AF82-FD258CA08817}.Debug|x86.ActiveCfg = Debug|Any CPU
		{C68AAC32-D4DA-4F58-AF82-FD258CA08817}.Debug|x86.Build.0 = Debug|Any CPU
		{C68AAC32-D4DA-4F58-AF82-FD258CA08817}.Release|Any CPU.ActiveCfg = Release|Any CPU
		{C68AAC32-D4DA-4F58-AF82-FD258CA08817}.Release|Any CPU.Build.0 = Release|Any CPU
		{C68AAC32-D4DA-4F58-AF82-FD258CA08817}.Release|ARM.ActiveCfg = Release|Any CPU
		{C68AAC32-D4DA-4F58-AF82-FD258CA08817}.Release|ARM.Build.0 = Release|Any CPU
		{C68AAC32-D4DA-4F58-AF82-FD258CA08817}.Release|ARM64.ActiveCfg = Release|Any CPU
		{C68AAC32-D4DA-4F58-AF82-FD258CA08817}.Release|ARM64.Build.0 = Release|Any CPU
		{C68AAC32-D4DA-4F58-AF82-FD258CA08817}.Release|x64.ActiveCfg = Release|Any CPU
		{C68AAC32-D4DA-4F58-AF82-FD258CA08817}.Release|x64.Build.0 = Release|Any CPU
		{C68AAC32-D4DA-4F58-AF82-FD258CA08817}.Release|x86.ActiveCfg = Release|Any CPU
		{C68AAC32-D4DA-4F58-AF82-FD258CA08817}.Release|x86.Build.0 = Release|Any CPU
		{8EE7EDBA-8512-4D92-AAB1-FA798B0341B7}.Debug|Any CPU.ActiveCfg = Debug|Any CPU
		{8EE7EDBA-8512-4D92-AAB1-FA798B0341B7}.Debug|Any CPU.Build.0 = Debug|Any CPU
		{8EE7EDBA-8512-4D92-AAB1-FA798B0341B7}.Debug|ARM.ActiveCfg = Debug|Any CPU
		{8EE7EDBA-8512-4D92-AAB1-FA798B0341B7}.Debug|ARM.Build.0 = Debug|Any CPU
		{8EE7EDBA-8512-4D92-AAB1-FA798B0341B7}.Debug|ARM64.ActiveCfg = Debug|Any CPU
		{8EE7EDBA-8512-4D92-AAB1-FA798B0341B7}.Debug|ARM64.Build.0 = Debug|Any CPU
		{8EE7EDBA-8512-4D92-AAB1-FA798B0341B7}.Debug|x64.ActiveCfg = Debug|Any CPU
		{8EE7EDBA-8512-4D92-AAB1-FA798B0341B7}.Debug|x64.Build.0 = Debug|Any CPU
		{8EE7EDBA-8512-4D92-AAB1-FA798B0341B7}.Debug|x86.ActiveCfg = Debug|Any CPU
		{8EE7EDBA-8512-4D92-AAB1-FA798B0341B7}.Debug|x86.Build.0 = Debug|Any CPU
		{8EE7EDBA-8512-4D92-AAB1-FA798B0341B7}.Release|Any CPU.ActiveCfg = Release|Any CPU
		{8EE7EDBA-8512-4D92-AAB1-FA798B0341B7}.Release|Any CPU.Build.0 = Release|Any CPU
		{8EE7EDBA-8512-4D92-AAB1-FA798B0341B7}.Release|ARM.ActiveCfg = Release|Any CPU
		{8EE7EDBA-8512-4D92-AAB1-FA798B0341B7}.Release|ARM.Build.0 = Release|Any CPU
		{8EE7EDBA-8512-4D92-AAB1-FA798B0341B7}.Release|ARM64.ActiveCfg = Release|Any CPU
		{8EE7EDBA-8512-4D92-AAB1-FA798B0341B7}.Release|ARM64.Build.0 = Release|Any CPU
		{8EE7EDBA-8512-4D92-AAB1-FA798B0341B7}.Release|x64.ActiveCfg = Release|Any CPU
		{8EE7EDBA-8512-4D92-AAB1-FA798B0341B7}.Release|x64.Build.0 = Release|Any CPU
		{8EE7EDBA-8512-4D92-AAB1-FA798B0341B7}.Release|x86.ActiveCfg = Release|Any CPU
		{8EE7EDBA-8512-4D92-AAB1-FA798B0341B7}.Release|x86.Build.0 = Release|Any CPU
		{7E7E7F07-7438-45AC-8607-BC8FB6C46FAE}.Debug|Any CPU.ActiveCfg = Debug|x86
		{7E7E7F07-7438-45AC-8607-BC8FB6C46FAE}.Debug|ARM.ActiveCfg = Debug|ARM
		{7E7E7F07-7438-45AC-8607-BC8FB6C46FAE}.Debug|ARM.Build.0 = Debug|ARM
		{7E7E7F07-7438-45AC-8607-BC8FB6C46FAE}.Debug|ARM.Deploy.0 = Debug|ARM
		{7E7E7F07-7438-45AC-8607-BC8FB6C46FAE}.Debug|ARM64.ActiveCfg = Debug|ARM64
		{7E7E7F07-7438-45AC-8607-BC8FB6C46FAE}.Debug|ARM64.Build.0 = Debug|ARM64
		{7E7E7F07-7438-45AC-8607-BC8FB6C46FAE}.Debug|ARM64.Deploy.0 = Debug|ARM64
		{7E7E7F07-7438-45AC-8607-BC8FB6C46FAE}.Debug|x64.ActiveCfg = Debug|x64
		{7E7E7F07-7438-45AC-8607-BC8FB6C46FAE}.Debug|x64.Build.0 = Debug|x64
		{7E7E7F07-7438-45AC-8607-BC8FB6C46FAE}.Debug|x64.Deploy.0 = Debug|x64
		{7E7E7F07-7438-45AC-8607-BC8FB6C46FAE}.Debug|x86.ActiveCfg = Debug|x86
		{7E7E7F07-7438-45AC-8607-BC8FB6C46FAE}.Debug|x86.Build.0 = Debug|x86
		{7E7E7F07-7438-45AC-8607-BC8FB6C46FAE}.Debug|x86.Deploy.0 = Debug|x86
		{7E7E7F07-7438-45AC-8607-BC8FB6C46FAE}.Release|Any CPU.ActiveCfg = Release|x86
		{7E7E7F07-7438-45AC-8607-BC8FB6C46FAE}.Release|ARM.ActiveCfg = Release|ARM
		{7E7E7F07-7438-45AC-8607-BC8FB6C46FAE}.Release|ARM.Build.0 = Release|ARM
		{7E7E7F07-7438-45AC-8607-BC8FB6C46FAE}.Release|ARM.Deploy.0 = Release|ARM
		{7E7E7F07-7438-45AC-8607-BC8FB6C46FAE}.Release|ARM64.ActiveCfg = Release|ARM64
		{7E7E7F07-7438-45AC-8607-BC8FB6C46FAE}.Release|ARM64.Build.0 = Release|ARM64
		{7E7E7F07-7438-45AC-8607-BC8FB6C46FAE}.Release|ARM64.Deploy.0 = Release|ARM64
		{7E7E7F07-7438-45AC-8607-BC8FB6C46FAE}.Release|x64.ActiveCfg = Release|x64
		{7E7E7F07-7438-45AC-8607-BC8FB6C46FAE}.Release|x64.Build.0 = Release|x64
		{7E7E7F07-7438-45AC-8607-BC8FB6C46FAE}.Release|x64.Deploy.0 = Release|x64
		{7E7E7F07-7438-45AC-8607-BC8FB6C46FAE}.Release|x86.ActiveCfg = Release|x86
		{7E7E7F07-7438-45AC-8607-BC8FB6C46FAE}.Release|x86.Build.0 = Release|x86
		{7E7E7F07-7438-45AC-8607-BC8FB6C46FAE}.Release|x86.Deploy.0 = Release|x86
	EndGlobalSection
	GlobalSection(SolutionProperties) = preSolution
		HideSolutionNode = FALSE
	EndGlobalSection
	GlobalSection(ExtensibilityGlobals) = postSolution
		SolutionGuid = {973CE8F9-1824-4BFF-8797-A49FC97E9980}
	EndGlobalSection
EndGlobal
